
Microsoft Visual Studio Solution File, Format Version 12.00
# Visual Studio Version 16
VisualStudioVersion = 16.0.30717.126
MinimumVisualStudioVersion = 10.0.40219.1
Project("{FAE04EC0-301F-11D3-BF4B-00C04F79EFBC}") = "conosoleT_11", "conosoleT_11\conosoleT_11.csproj", "{F3B420E5-A8EF-4886-AF5A-B644CD2AFB02}"
EndProject
Global
	GlobalSection(SolutionConfigurationPlatforms) = preSolution
		Debug|Any CPU = Debug|Any CPU
		Release|Any CPU = Release|Any CPU
	EndGlobalSection
	GlobalSection(ProjectConfigurationPlatforms) = postSolution
		{F3B420E5-A8EF-4886-AF5A-B644CD2AFB02}.Debug|Any CPU.ActiveCfg = Debug|Any CPU
		{F3B420E5-A8EF-4886-AF5A-B644CD2AFB02}.Debug|Any CPU.Build.0 = Debug|Any CPU
		{F3B420E5-A8EF-4886-AF5A-B644CD2AFB02}.Release|Any CPU.ActiveCfg = Release|Any CPU
		{F3B420E5-A8EF-4886-AF5A-B644CD2AFB02}.Release|Any CPU.Build.0 = Release|Any CPU
	EndGlobalSection
	GlobalSection(SolutionProperties) = preSolution
		HideSolutionNode = FALSE
	EndGlobalSection
	GlobalSection(ExtensibilityGlobals) = postSolution
		SolutionGuid = {B1EF9552-4B3C-4C7D-BE89-B3EAD89BB86A}
	EndGlobalSection
EndGlobal
